
Microsoft Visual Studio Solution File, Format Version 12.00
# Visual Studio 14
VisualStudioVersion = 14.0.25420.1
MinimumVisualStudioVersion = 10.0.40219.1
Project("{FAE04EC0-301F-11D3-BF4B-00C04F79EFBC}") = "AdAspNetProvider", "AdAspNetProvider\AdAspNetProvider.csproj", "{51C08734-13DE-48BF-91B0-B513B5931752}"
EndProject
Global
	GlobalSection(SolutionConfigurationPlatforms) = preSolution
		Debug|Any CPU = Debug|Any CPU
		NuGet|Any CPU = NuGet|Any CPU
		Release|Any CPU = Release|Any CPU
	EndGlobalSection
	GlobalSection(ProjectConfigurationPlatforms) = postSolution
		{51C08734-13DE-48BF-91B0-B513B5931752}.Debug|Any CPU.ActiveCfg = Debug|Any CPU
		{51C08734-13DE-48BF-91B0-B513B5931752}.Debug|Any CPU.Build.0 = Debug|Any CPU
		{51C08734-13DE-48BF-91B0-B513B5931752}.NuGet|Any CPU.ActiveCfg = NuGet|Any CPU
		{51C08734-13DE-48BF-91B0-B513B5931752}.NuGet|Any CPU.Build.0 = NuGet|Any CPU
		{51C08734-13DE-48BF-91B0-B513B5931752}.Release|Any CPU.ActiveCfg = Release|Any CPU
		{51C08734-13DE-48BF-91B0-B513B5931752}.Release|Any CPU.Build.0 = Release|Any CPU
	EndGlobalSection
	GlobalSection(SolutionProperties) = preSolution
		HideSolutionNode = FALSE
	EndGlobalSection
EndGlobal
